{
  "pins" : [
    {
      "identity" : "sdwebimage",
      "kind" : "remoteSourceControl",
      "location" : "https://github.com/SDWebImage/SDWebImage.git",
      "state" : {
        "branch" : "master",
        "revision" : "80683c20d8f15e10ac1ce605cca5008a295846bd"
      }
    }
  ],
  "version" : 2
}
